lockfileVersion: '6.0'

settings:
  autoInstallPeers: true
  excludeLinksFromLockfile: false

dependencies:
  zod:
    specifier: ^3.22.4
    version: 3.22.4

devDependencies:
  '@types/node':
    specifier: ^20.12.5
    version: 20.12.5
  prettier:
    specifier: ^3.2.5
    version: 3.2.5
  typescript:
    specifier: ^5.4.4
    version: 5.4.4

packages:

  /@types/node@20.12.5:
    resolution: {integrity: sha512-BD+BjQ9LS/D8ST9p5uqBxghlN+S42iuNxjsUGjeZobe/ciXzk2qb1B6IXc6AnRLS+yFJRpN2IPEHMzwspfDJNw==}
    dependencies:
      undici-types: 5.26.5
    dev: true

  /prettier@3.2.5:
    resolution: {integrity: sha512-3/GWa9aOC0YeD7LUfvOG2NiDyhOWRvt1k+rcKhOuYnMY24iiCphgneUfJDyFXd6rZCAnuLBv6UeAULtrhT/F4A==}
    engines: {node: '>=14'}
    hasBin: true
    dev: true

  /typescript@5.4.4:
    resolution: {integrity: sha512-dGE2Vv8cpVvw28v8HCPqyb08EzbBURxDpuhJvTrusShUfGnhHBafDsLdS1EhhxyL6BJQE+2cT3dDPAv+MQ6oLw==}
    engines: {node: '>=14.17'}
    hasBin: true
    dev: true

  /undici-types@5.26.5:
    resolution: {integrity: sha512-JlCMO+ehdEIKqlFxk6IfVoAUVmgz7cU7zD/h9XZ0qzeosSHmUJVOzSQvvYSYWXkFXC+IfLKSIffhv0sVZup6pA==}
    dev: true

  /zod@3.22.4:
    resolution: {integrity: sha512-iC+8Io04lddc+mVqQ9AZ7OQ2MrUKGN+oIQyq1vemgt46jwCwLfhq7/pwnBnNXXXZb8VTVLKwp9EDkx+ryxIWmg==}
    dev: false
